
Microsoft Visual Studio Solution File, Format Version 12.00
# Visual Studio Version 17
VisualStudioVersion = 17.0.32112.339
MinimumVisualStudioVersion = 10.0.40219.1
Project("{9A19103F-16F7-4668-BE54-9A1E7A4F7556}") = "CollegeProjectAPI", "CollegeProjectAPI.csproj", "{0504022C-5279-4A9D-B831-52F182DD44D8}"
EndProject
Project("{9A19103F-16F7-4668-BE54-9A1E7A4F7556}") = "CollegeProjectModels", "..\CollegeProjectModels\CollegeProjectModels.csproj", "{2EB61B30-D555-4230-A8B0-4605B63BAC28}"
EndProject
Project("{9A19103F-16F7-4668-BE54-9A1E7A4F7556}") = "CollegeProjectRepository", "..\CollegeProjectRepository\CollegeProjectRepository.csproj", "{880B495F-8E13-485D-9EF9-B1A3AA49FE4A}"
EndProject
Project("{9A19103F-16F7-4668-BE54-9A1E7A4F7556}") = "CollegeProjectServices", "..\CollegeProjectServices\CollegeProjectServices.csproj", "{9969E826-F19E-40E2-A3FA-2DA12F19B257}"
EndProject
Project("{FAE04EC0-301F-11D3-BF4B-00C04F79EFBC}") = "CollegeProjectData", "..\CollegeProjectData\CollegeProjectData.csproj", "{CD7BEE6C-8C08-48BF-98FA-BA2176C8D675}"
EndProject
Global
	GlobalSection(SolutionConfigurationPlatforms) = preSolution
		Debug|Any CPU = Debug|Any CPU
		Release|Any CPU = Release|Any CPU
	EndGlobalSection
	GlobalSection(ProjectConfigurationPlatforms) = postSolution
		{0504022C-5279-4A9D-B831-52F182DD44D8}.Debug|Any CPU.ActiveCfg = Debug|Any CPU
		{0504022C-5279-4A9D-B831-52F182DD44D8}.Debug|Any CPU.Build.0 = Debug|Any CPU
		{0504022C-5279-4A9D-B831-52F182DD44D8}.Release|Any CPU.ActiveCfg = Release|Any CPU
		{0504022C-5279-4A9D-B831-52F182DD44D8}.Release|Any CPU.Build.0 = Release|Any CPU
		{2EB61B30-D555-4230-A8B0-4605B63BAC28}.Debug|Any CPU.ActiveCfg = Debug|Any CPU
		{2EB61B30-D555-4230-A8B0-4605B63BAC28}.Debug|Any CPU.Build.0 = Debug|Any CPU
		{2EB61B30-D555-4230-A8B0-4605B63BAC28}.Release|Any CPU.ActiveCfg = Release|Any CPU
		{2EB61B30-D555-4230-A8B0-4605B63BAC28}.Release|Any CPU.Build.0 = Release|Any CPU
		{880B495F-8E13-485D-9EF9-B1A3AA49FE4A}.Debug|Any CPU.ActiveCfg = Debug|Any CPU
		{880B495F-8E13-485D-9EF9-B1A3AA49FE4A}.Debug|Any CPU.Build.0 = Debug|Any CPU
		{880B495F-8E13-485D-9EF9-B1A3AA49FE4A}.Release|Any CPU.ActiveCfg = Release|Any CPU
		{880B495F-8E13-485D-9EF9-B1A3AA49FE4A}.Release|Any CPU.Build.0 = Release|Any CPU
		{9969E826-F19E-40E2-A3FA-2DA12F19B257}.Debug|Any CPU.ActiveCfg = Debug|Any CPU
		{9969E826-F19E-40E2-A3FA-2DA12F19B257}.Debug|Any CPU.Build.0 = Debug|Any CPU
		{9969E826-F19E-40E2-A3FA-2DA12F19B257}.Release|Any CPU.ActiveCfg = Release|Any CPU
		{9969E826-F19E-40E2-A3FA-2DA12F19B257}.Release|Any CPU.Build.0 = Release|Any CPU
		{CD7BEE6C-8C08-48BF-98FA-BA2176C8D675}.Debug|Any CPU.ActiveCfg = Debug|Any CPU
		{CD7BEE6C-8C08-48BF-98FA-BA2176C8D675}.Debug|Any CPU.Build.0 = Debug|Any CPU
		{CD7BEE6C-8C08-48BF-98FA-BA2176C8D675}.Release|Any CPU.ActiveCfg = Release|Any CPU
		{CD7BEE6C-8C08-48BF-98FA-BA2176C8D675}.Release|Any CPU.Build.0 = Release|Any CPU
	EndGlobalSection
	GlobalSection(SolutionProperties) = preSolution
		HideSolutionNode = FALSE
	EndGlobalSection
	GlobalSection(ExtensibilityGlobals) = postSolution
		SolutionGuid = {6B92C6E5-E3C6-41A8-804D-4984ACA74469}
	EndGlobalSection
EndGlobal
